// !$*UTF8*$!
{
	archiveVersion = 1;
	classes = {
	};
	objectVersion = 50;
	objects = {

/* Begin PBXBuildFile section */
		2227627F20E49BF00043320A /* ViewController_MainMenu.swift in Sources */ = {isa = PBXBuildFile; fileRef = 2227627D20E49BF00043320A /* ViewController_MainMenu.swift */; };
		2227628020E49BF00043320A /* ViewController_Map.swift in Sources */ = {isa = PBXBuildFile; fileRef = 2227627E20E49BF00043320A /* ViewController_Map.swift */; };
		22365A8220FA301300B20B37 /* ViewController_Directions.swift in Sources */ = {isa = PBXBuildFile; fileRef = 22365A8120FA301300B20B37 /* ViewController_Directions.swift */; };
		22365A8720FA306800B20B37 /* MapKit.framework in Frameworks */ = {isa = PBXBuildFile; fileRef = 22365A8620FA306800B20B37 /* MapKit.framework */; };
		223B1F8420F0A7B400791DEE /* CMProject-MainBG.png in Resources */ = {isa = PBXBuildFile; fileRef = 223B1F8220F0A7B300791DEE /* CMProject-MainBG.png */; };
		223B1F8520F0A7B400791DEE /* CMProject-Icon.png in Resources */ = {isa = PBXBuildFile; fileRef = 223B1F8320F0A7B400791DEE /* CMProject-Icon.png */; };
		223B1F8B20F0AB5900791DEE /* Singapore, Singapore.gpx in Resources */ = {isa = PBXBuildFile; fileRef = 223B1F8A20F0AB5900791DEE /* Singapore, Singapore.gpx */; };
		2249E50F20F1CA66006A94B2 /* SGTouristLoc.txt in Resources */ = {isa = PBXBuildFile; fileRef = 2249E50E20F1CA66006A94B2 /* SGTouristLoc.txt */; };
		2249E51120F1D037006A94B2 /* CMProject-NoImageDetected.png in Resources */ = {isa = PBXBuildFile; fileRef = 2249E51020F1D037006A94B2 /* CMProject-NoImageDetected.png */; };
		2254B8572121B7C1007047CB /* ViewController_ExtraDetail.swift in Sources */ = {isa = PBXBuildFile; fileRef = 2254B8562121B7C1007047CB /* ViewController_ExtraDetail.swift */; };
		227727D920E7992E00210BD9 /* ViewController_Credits.swift in Sources */ = {isa = PBXBuildFile; fileRef = 227727D820E7992E00210BD9 /* ViewController_Credits.swift */; };
		227A5DC120F0EECC00E59520 /* Attraction.swift in Sources */ = {isa = PBXBuildFile; fileRef = 227A5DC020F0EECC00E59520 /* Attraction.swift */; };
		227A5DC820F0F89900E59520 /* AttractionMarkerView.swift in Sources */ = {isa = PBXBuildFile; fileRef = 227A5DC720F0F89900E59520 /* AttractionMarkerView.swift */; };
		228907752111EBCA00BFD127 /* Fort Canning Park.png in Resources */ = {isa = PBXBuildFile; fileRef = 228907592111EBC700BFD127 /* Fort Canning Park.png */; };
		228907762111EBCA00BFD127 /* Universal Studios Singapore.png in Resources */ = {isa = PBXBuildFile; fileRef = 2289075A2111EBC800BFD127 /* Universal Studios Singapore.png */; };
		228907772111EBCA00BFD127 /* Esplanade Theatre.png in Resources */ = {isa = PBXBuildFile; fileRef = 2289075B2111EBC800BFD127 /* Esplanade Theatre.png */; };
		228907782111EBCA00BFD127 /* Singapore Zoo.png in Resources */ = {isa = PBXBuildFile; fileRef = 2289075C2111EBC800BFD127 /* Singapore Zoo.png */; };
		228907792111EBCA00BFD127 /* Marina Barage.png in Resources */ = {isa = PBXBuildFile; fileRef = 2289075D2111EBC800BFD127 /* Marina Barage.png */; };
		2289077A2111EBCA00BFD127 /* Statue of Sir Stamford Raffles.png in Resources */ = {isa = PBXBuildFile; fileRef = 2289075E2111EBC800BFD127 /* Statue of Sir Stamford Raffles.png */; };
		2289077B2111EBCA00BFD127 /* Downtown East.png in Resources */ = {isa = PBXBuildFile; fileRef = 2289075F2111EBC800BFD127 /* Downtown East.png */; };
		2289077D2111EBCA00BFD127 /* Marina Bay Sands.png in Resources */ = {isa = PBXBuildFile; fileRef = 228907612111EBC800BFD127 /* Marina Bay Sands.png */; };
		2289077E2111EBCA00BFD127 /* Botanical Gardens.png in Resources */ = {isa = PBXBuildFile; fileRef = 228907622111EBC800BFD127 /* Botanical Gardens.png */; };
		2289077F2111EBCA00BFD127 /* Singapore Art Museum.png in Resources */ = {isa = PBXBuildFile; fileRef = 228907632111EBC800BFD127 /* Singapore Art Museum.png */; };
		228907802111EBCA00BFD127 /* Chinatown.png in Resources */ = {isa = PBXBuildFile; fileRef = 228907642111EBC800BFD127 /* Chinatown.png */; };
		228907812111EBCA00BFD127 /* Mount Faber.png in Resources */ = {isa = PBXBuildFile; fileRef = 228907652111EBC800BFD127 /* Mount Faber.png */; };
		228907822111EBCA00BFD127 /* Fountain of Wealth.png in Resources */ = {isa = PBXBuildFile; fileRef = 228907662111EBC800BFD127 /* Fountain of Wealth.png */; };
		228907832111EBCA00BFD127 /* Har Paw Villa.png in Resources */ = {isa = PBXBuildFile; fileRef = 228907672111EBC900BFD127 /* Har Paw Villa.png */; };
		228907842111EBCA00BFD127 /* River Safari.png in Resources */ = {isa = PBXBuildFile; fileRef = 228907682111EBC900BFD127 /* River Safari.png */; };
		228907852111EBCA00BFD127 /* Merlion.png in Resources */ = {isa = PBXBuildFile; fileRef = 228907692111EBC900BFD127 /* Merlion.png */; };
		228907862111EBCA00BFD127 /* Orchard Road.png in Resources */ = {isa = PBXBuildFile; fileRef = 2289076A2111EBC900BFD127 /* Orchard Road.png */; };
		228907872111EBCA00BFD127 /* Sungei Buloh.png in Resources */ = {isa = PBXBuildFile; fileRef = 2289076B2111EBC900BFD127 /* Sungei Buloh.png */; };
		228907882111EBCA00BFD127 /* Singapore River.png in Resources */ = {isa = PBXBuildFile; fileRef = 2289076C2111EBC900BFD127 /* Singapore River.png */; };
		228907892111EBCA00BFD127 /* Clake Quay.png in Resources */ = {isa = PBXBuildFile; fileRef = 2289076D2111EBC900BFD127 /* Clake Quay.png */; };
		2289078A2111EBCA00BFD127 /* Singapore Flyer.png in Resources */ = {isa = PBXBuildFile; fileRef = 2289076E2111EBC900BFD127 /* Singapore Flyer.png */; };
		2289078B2111EBCA00BFD127 /* Harbourfront.png in Resources */ = {isa = PBXBuildFile; fileRef = 2289076F2111EBC900BFD127 /* Harbourfront.png */; };
		2289078C2111EBCA00BFD127 /* Jurong Bird Park.png in Resources */ = {isa = PBXBuildFile; fileRef = 228907702111EBCA00BFD127 /* Jurong Bird Park.png */; };
		2289078D2111EBCA00BFD127 /* Sentosa.png in Resources */ = {isa = PBXBuildFile; fileRef = 228907712111EBCA00BFD127 /* Sentosa.png */; };
		2289078F2111EBCA00BFD127 /* Gardens By The Bay.png in Resources */ = {isa = PBXBuildFile; fileRef = 228907732111EBCA00BFD127 /* Gardens By The Bay.png */; };
		228907902111EBCA00BFD127 /* Malay Heritage Centre.png in Resources */ = {isa = PBXBuildFile; fileRef = 228907742111EBCA00BFD127 /* Malay Heritage Centre.png */; };
		228B4C1720F48D6000EF0661 /* SGTouristEvents.txt in Resources */ = {isa = PBXBuildFile; fileRef = 228B4C1620F48D6000EF0661 /* SGTouristEvents.txt */; };
		228B4C2A20F4EB8100EF0661 /* EventCell.swift in Sources */ = {isa = PBXBuildFile; fileRef = 228B4C2920F4EB8100EF0661 /* EventCell.swift */; };
		228B4C2C20F4EC4600EF0661 /* ViewController_Events.swift in Sources */ = {isa = PBXBuildFile; fileRef = 228B4C2B20F4EC4600EF0661 /* ViewController_Events.swift */; };
		229222332125351C004E7103 /* Singapore Airshow.png in Resources */ = {isa = PBXBuildFile; fileRef = 2292222B2125351A004E7103 /* Singapore Airshow.png */; };
		229222342125351C004E7103 /* Mid Autumn Festival.png in Resources */ = {isa = PBXBuildFile; fileRef = 2292222C2125351B004E7103 /* Mid Autumn Festival.png */; };
		229222352125351C004E7103 /* Hungry Ghost Festival.png in Resources */ = {isa = PBXBuildFile; fileRef = 2292222D2125351B004E7103 /* Hungry Ghost Festival.png */; };
		229222362125351C004E7103 /* Formula One.png in Resources */ = {isa = PBXBuildFile; fileRef = 2292222E2125351B004E7103 /* Formula One.png */; };
		229222372125351C004E7103 /* Singapore Food Festival.png in Resources */ = {isa = PBXBuildFile; fileRef = 2292222F2125351C004E7103 /* Singapore Food Festival.png */; };
		229222382125351C004E7103 /* National Day.png in Resources */ = {isa = PBXBuildFile; fileRef = 229222302125351C004E7103 /* National Day.png */; };
		229222392125351C004E7103 /* Hari Raya Haji.png in Resources */ = {isa = PBXBuildFile; fileRef = 229222312125351C004E7103 /* Hari Raya Haji.png */; };
		2292223A2125351C004E7103 /* Singapore Art Week.png in Resources */ = {isa = PBXBuildFile; fileRef = 229222322125351C004E7103 /* Singapore Art Week.png */; };
		22D5C67B212E6EAF00B65725 /* CMProject-LoadingScreen.png in Resources */ = {isa = PBXBuildFile; fileRef = 22D5C67A212E6EAE00B65725 /* CMProject-LoadingScreen.png */; };
		22F895A92112BB2D00DC8E38 /* Cathedral Of The Good Shepherd.png in Resources */ = {isa = PBXBuildFile; fileRef = 22F895A72112BB2D00DC8E38 /* Cathedral Of The Good Shepherd.png */; };
		22F895AC2112BB4200DC8E38 /* Helix Bridge.png in Resources */ = {isa = PBXBuildFile; fileRef = 22F895AB2112BB4200DC8E38 /* Helix Bridge.png */; };
		22F895AE2112BCAA00DC8E38 /* NetworkTester.swift in Sources */ = {isa = PBXBuildFile; fileRef = 22F895AD2112BCAA00DC8E38 /* NetworkTester.swift */; };
		22FDC0A920E2798F00258319 /* AppDelegate.swift in Sources */ = {isa = PBXBuildFile; fileRef = 22FDC0A820E2798F00258319 /* AppDelegate.swift */; };
		22FDC0AE20E2798F00258319 /* Main.storyboard in Resources */ = {isa = PBXBuildFile; fileRef = 22FDC0AC20E2798F00258319 /* Main.storyboard */; };
		22FDC0B020E2799200258319 /* Assets.xcassets in Resources */ = {isa = PBXBuildFile; fileRef = 22FDC0AF20E2799200258319 /* Assets.xcassets */; };
		22FDC0B320E2799200258319 /* LaunchScreen.storyboard in Resources */ = {isa = PBXBuildFile; fileRef = 22FDC0B120E2799200258319 /* LaunchScreen.storyboard */; };
/* End PBXBuildFile section */

/* Begin PBXFileReference section */
		2227627D20E49BF00043320A /* ViewController_MainMenu.swift */ = {isa = PBXFileReference; fileEncoding = 4; lastKnownFileType = sourcecode.swift; path = ViewController_MainMenu.swift; sourceTree = "<group>"; };
		2227627E20E49BF00043320A /* ViewController_Map.swift */ = {isa = PBXFileReference; fileEncoding = 4; lastKnownFileType = sourcecode.swift; path = ViewController_Map.swift; sourceTree = "<group>"; };
		22365A8120FA301300B20B37 /* ViewController_Directions.swift */ = {isa = PBXFileReference; lastKnownFileType = sourcecode.swift; path = ViewController_Directions.swift; sourceTree = "<group>"; };
		22365A8620FA306800B20B37 /* MapKit.framework */ = {isa = PBXFileReference; lastKnownFileType = wrapper.framework; name = MapKit.framework; path = System/Library/Frameworks/MapKit.framework; sourceTree = SDKROOT; };
		223B1F8220F0A7B300791DEE /* CMProject-MainBG.png */ = {isa = PBXFileReference; lastKnownFileType = image.png; path = "CMProject-MainBG.png"; sourceTree = "<group>"; };
		223B1F8320F0A7B400791DEE /* CMProject-Icon.png */ = {isa = PBXFileReference; lastKnownFileType = image.png; path = "CMProject-Icon.png"; sourceTree = "<group>"; };
		223B1F8A20F0AB5900791DEE /* Singapore, Singapore.gpx */ = {isa = PBXFileReference; fileEncoding = 4; lastKnownFileType = text.xml; path = "Singapore, Singapore.gpx"; sourceTree = "<group>"; };
		2249E50E20F1CA66006A94B2 /* SGTouristLoc.txt */ = {isa = PBXFileReference; fileEncoding = 4; lastKnownFileType = text; path = SGTouristLoc.txt; sourceTree = "<group>"; };
		2249E51020F1D037006A94B2 /* CMProject-NoImageDetected.png */ = {isa = PBXFileReference; lastKnownFileType = image.png; path = "CMProject-NoImageDetected.png"; sourceTree = "<group>"; };
		2254B8562121B7C1007047CB /* ViewController_ExtraDetail.swift */ = {isa = PBXFileReference; lastKnownFileType = sourcecode.swift; path = ViewController_ExtraDetail.swift; sourceTree = "<group>"; };
		227727D820E7992E00210BD9 /* ViewController_Credits.swift */ = {isa = PBXFileReference; lastKnownFileType = sourcecode.swift; path = ViewController_Credits.swift; sourceTree = "<group>"; };
		227A5DC020F0EECC00E59520 /* Attraction.swift */ = {isa = PBXFileReference; lastKnownFileType = sourcecode.swift; path = Attraction.swift; sourceTree = "<group>"; };
		227A5DC720F0F89900E59520 /* AttractionMarkerView.swift */ = {isa = PBXFileReference; lastKnownFileType = sourcecode.swift; path = AttractionMarkerView.swift; sourceTree = "<group>"; };
		228907592111EBC700BFD127 /* Fort Canning Park.png */ = {isa = PBXFileReference; lastKnownFileType = image.png; path = "Fort Canning Park.png"; sourceTree = "<group>"; };
		2289075A2111EBC800BFD127 /* Universal Studios Singapore.png */ = {isa = PBXFileReference; lastKnownFileType = image.png; path = "Universal Studios Singapore.png"; sourceTree = "<group>"; };
		2289075B2111EBC800BFD127 /* Esplanade Theatre.png */ = {isa = PBXFileReference; lastKnownFileType = image.png; path = "Esplanade Theatre.png"; sourceTree = "<group>"; };
		2289075C2111EBC800BFD127 /* Singapore Zoo.png */ = {isa = PBXFileReference; lastKnownFileType = image.png; path = "Singapore Zoo.png"; sourceTree = "<group>"; };
		2289075D2111EBC800BFD127 /* Marina Barage.png */ = {isa = PBXFileReference; lastKnownFileType = image.png; path = "Marina Barage.png"; sourceTree = "<group>"; };
		2289075E2111EBC800BFD127 /* Statue of Sir Stamford Raffles.png */ = {isa = PBXFileReference; lastKnownFileType = image.png; path = "Statue of Sir Stamford Raffles.png"; sourceTree = "<group>"; };
		2289075F2111EBC800BFD127 /* Downtown East.png */ = {isa = PBXFileReference; lastKnownFileType = image.png; path = "Downtown East.png"; sourceTree = "<group>"; };
		228907612111EBC800BFD127 /* Marina Bay Sands.png */ = {isa = PBXFileReference; lastKnownFileType = image.png; path = "Marina Bay Sands.png"; sourceTree = "<group>"; };
		228907622111EBC800BFD127 /* Botanical Gardens.png */ = {isa = PBXFileReference; lastKnownFileType = image.png; path = "Botanical Gardens.png"; sourceTree = "<group>"; };
		228907632111EBC800BFD127 /* Singapore Art Museum.png */ = {isa = PBXFileReference; lastKnownFileType = image.png; path = "Singapore Art Museum.png"; sourceTree = "<group>"; };
		228907642111EBC800BFD127 /* Chinatown.png */ = {isa = PBXFileReference; lastKnownFileType = image.png; path = Chinatown.png; sourceTree = "<group>"; };
		228907652111EBC800BFD127 /* Mount Faber.png */ = {isa = PBXFileReference; lastKnownFileType = image.png; path = "Mount Faber.png"; sourceTree = "<group>"; };
		228907662111EBC800BFD127 /* Fountain of Wealth.png */ = {isa = PBXFileReference; lastKnownFileType = image.png; path = "Fountain of Wealth.png"; sourceTree = "<group>"; };
		228907672111EBC900BFD127 /* Har Paw Villa.png */ = {isa = PBXFileReference; lastKnownFileType = image.png; path = "Har Paw Villa.png"; sourceTree = "<group>"; };
		228907682111EBC900BFD127 /* River Safari.png */ = {isa = PBXFileReference; lastKnownFileType = image.png; path = "River Safari.png"; sourceTree = "<group>"; };
		228907692111EBC900BFD127 /* Merlion.png */ = {isa = PBXFileReference; lastKnownFileType = image.png; path = Merlion.png; sourceTree = "<group>"; };
		2289076A2111EBC900BFD127 /* Orchard Road.png */ = {isa = PBXFileReference; lastKnownFileType = image.png; path = "Orchard Road.png"; sourceTree = "<group>"; };
		2289076B2111EBC900BFD127 /* Sungei Buloh.png */ = {isa = PBXFileReference; lastKnownFileType = image.png; path = "Sungei Buloh.png"; sourceTree = "<group>"; };
		2289076C2111EBC900BFD127 /* Singapore River.png */ = {isa = PBXFileReference; lastKnownFileType = image.png; path = "Singapore River.png"; sourceTree = "<group>"; };
		2289076D2111EBC900BFD127 /* Clake Quay.png */ = {isa = PBXFileReference; lastKnownFileType = image.png; path = "Clake Quay.png"; sourceTree = "<group>"; };
		2289076E2111EBC900BFD127 /* Singapore Flyer.png */ = {isa = PBXFileReference; lastKnownFileType = image.png; path = "Singapore Flyer.png"; sourceTree = "<group>"; };
		2289076F2111EBC900BFD127 /* Harbourfront.png */ = {isa = PBXFileReference; lastKnownFileType = image.png; path = Harbourfront.png; sourceTree = "<group>"; };
		228907702111EBCA00BFD127 /* Jurong Bird Park.png */ = {isa = PBXFileReference; lastKnownFileType = image.png; path = "Jurong Bird Park.png"; sourceTree = "<group>"; };
		228907712111EBCA00BFD127 /* Sentosa.png */ = {isa = PBXFileReference; lastKnownFileType = image.png; path = Sentosa.png; sourceTree = "<group>"; };
		228907732111EBCA00BFD127 /* Gardens By The Bay.png */ = {isa = PBXFileReference; lastKnownFileType = image.png; path = "Gardens By The Bay.png"; sourceTree = "<group>"; };
		228907742111EBCA00BFD127 /* Malay Heritage Centre.png */ = {isa = PBXFileReference; lastKnownFileType = image.png; path = "Malay Heritage Centre.png"; sourceTree = "<group>"; };
		228B4C1620F48D6000EF0661 /* SGTouristEvents.txt */ = {isa = PBXFileReference; fileEncoding = 4; lastKnownFileType = text; path = SGTouristEvents.txt; sourceTree = "<group>"; };
		228B4C2920F4EB8100EF0661 /* EventCell.swift */ = {isa = PBXFileReference; lastKnownFileType = sourcecode.swift; path = EventCell.swift; sourceTree = "<group>"; };
		228B4C2B20F4EC4600EF0661 /* ViewController_Events.swift */ = {isa = PBXFileReference; lastKnownFileType = sourcecode.swift; path = ViewController_Events.swift; sourceTree = "<group>"; };
		2292222B2125351A004E7103 /* Singapore Airshow.png */ = {isa = PBXFileReference; lastKnownFileType = image.png; path = "Singapore Airshow.png"; sourceTree = "<group>"; };
		2292222C2125351B004E7103 /* Mid Autumn Festival.png */ = {isa = PBXFileReference; lastKnownFileType = image.png; path = "Mid Autumn Festival.png"; sourceTree = "<group>"; };
		2292222D2125351B004E7103 /* Hungry Ghost Festival.png */ = {isa = PBXFileReference; lastKnownFileType = image.png; path = "Hungry Ghost Festival.png"; sourceTree = "<group>"; };
		2292222E2125351B004E7103 /* Formula One.png */ = {isa = PBXFileReference; lastKnownFileType = image.png; path = "Formula One.png"; sourceTree = "<group>"; };
		2292222F2125351C004E7103 /* Singapore Food Festival.png */ = {isa = PBXFileReference; lastKnownFileType = image.png; path = "Singapore Food Festival.png"; sourceTree = "<group>"; };
		229222302125351C004E7103 /* National Day.png */ = {isa = PBXFileReference; lastKnownFileType = image.png; path = "National Day.png"; sourceTree = "<group>"; };
		229222312125351C004E7103 /* Hari Raya Haji.png */ = {isa = PBXFileReference; lastKnownFileType = image.png; path = "Hari Raya Haji.png"; sourceTree = "<group>"; };
		229222322125351C004E7103 /* Singapore Art Week.png */ = {isa = PBXFileReference; lastKnownFileType = image.png; path = "Singapore Art Week.png"; sourceTree = "<group>"; };
		22D5C67A212E6EAE00B65725 /* CMProject-LoadingScreen.png */ = {isa = PBXFileReference; lastKnownFileType = image.png; path = "CMProject-LoadingScreen.png"; sourceTree = "<group>"; };
		22F895A72112BB2D00DC8E38 /* Cathedral Of The Good Shepherd.png */ = {isa = PBXFileReference; lastKnownFileType = image.png; path = "Cathedral Of The Good Shepherd.png"; sourceTree = "<group>"; };
		22F895AB2112BB4200DC8E38 /* Helix Bridge.png */ = {isa = PBXFileReference; lastKnownFileType = image.png; path = "Helix Bridge.png"; sourceTree = "<group>"; };
		22F895AD2112BCAA00DC8E38 /* NetworkTester.swift */ = {isa = PBXFileReference; lastKnownFileType = sourcecode.swift; path = NetworkTester.swift; sourceTree = "<group>"; };
		22FDC0A520E2798F00258319 /* CMProject.app */ = {isa = PBXFileReference; explicitFileType = wrapper.application; includeInIndex = 0; path = CMProject.app; sourceTree = BUILT_PRODUCTS_DIR; };
		22FDC0A820E2798F00258319 /* AppDelegate.swift */ = {isa = PBXFileReference; lastKnownFileType = sourcecode.swift; path = AppDelegate.swift; sourceTree = "<group>"; };
		22FDC0AD20E2798F00258319 /* Base */ = {isa = PBXFileReference; lastKnownFileType = file.storyboard; name = Base; path = Base.lproj/Main.storyboard; sourceTree = "<group>"; };
		22FDC0AF20E2799200258319 /* Assets.xcassets */ = {isa = PBXFileReference; lastKnownFileType = folder.assetcatalog; path = Assets.xcassets; sourceTree = "<group>"; };
		22FDC0B220E2799200258319 /* Base */ = {isa = PBXFileReference; lastKnownFileType = file.storyboard; name = Base; path = Base.lproj/LaunchScreen.storyboard; sourceTree = "<group>"; };
		22FDC0B420E2799200258319 /* Info.plist */ = {isa = PBXFileReference; lastKnownFileType = text.plist.xml; path = Info.plist; sourceTree = "<group>"; };
/* End PBXFileReference section */

/* Begin PBXFrameworksBuildPhase section */
		22FDC0A220E2798F00258319 /* Frameworks */ = {
			isa = PBXFrameworksBuildPhase;
			buildActionMask = 2147483647;
			files = (
				22365A8720FA306800B20B37 /* MapKit.framework in Frameworks */,
			);
			runOnlyForDeploymentPostprocessing = 0;
		};
/* End PBXFrameworksBuildPhase section */

/* Begin PBXGroup section */
		2223FC602104BC4B00D8E317 /* Map */ = {
			isa = PBXGroup;
			children = (
				2227627E20E49BF00043320A /* ViewController_Map.swift */,
				22365A8120FA301300B20B37 /* ViewController_Directions.swift */,
				2254B8562121B7C1007047CB /* ViewController_ExtraDetail.swift */,
			);
			path = Map;
			sourceTree = "<group>";
		};
		2223FC612104BC5300D8E317 /* MainMenu */ = {
			isa = PBXGroup;
			children = (
				2227627D20E49BF00043320A /* ViewController_MainMenu.swift */,
			);
			path = MainMenu;
			sourceTree = "<group>";
		};
		2223FC622104BC6000D8E317 /* Credits */ = {
			isa = PBXGroup;
			children = (
				227727D820E7992E00210BD9 /* ViewController_Credits.swift */,
			);
			path = Credits;
			sourceTree = "<group>";
		};
		2223FC632104BC6600D8E317 /* Events */ = {
			isa = PBXGroup;
			children = (
				228B4C2B20F4EC4600EF0661 /* ViewController_Events.swift */,
			);
			path = Events;
			sourceTree = "<group>";
		};
		2227627C20E49BE60043320A /* Views */ = {
			isa = PBXGroup;
			children = (
				2223FC632104BC6600D8E317 /* Events */,
				2223FC622104BC6000D8E317 /* Credits */,
				2223FC612104BC5300D8E317 /* MainMenu */,
				2223FC602104BC4B00D8E317 /* Map */,
			);
			path = Views;
			sourceTree = "<group>";
		};
		222765852123158700C52CCF /* MiscImages */ = {
			isa = PBXGroup;
			children = (
				22D5C67A212E6EAE00B65725 /* CMProject-LoadingScreen.png */,
				2249E51020F1D037006A94B2 /* CMProject-NoImageDetected.png */,
				223B1F8320F0A7B400791DEE /* CMProject-Icon.png */,
				223B1F8220F0A7B300791DEE /* CMProject-MainBG.png */,
			);
			path = MiscImages;
			sourceTree = "<group>";
		};
		22365A8320FA306500B20B37 /* Frameworks */ = {
			isa = PBXGroup;
			children = (
				22365A8620FA306800B20B37 /* MapKit.framework */,
			);
			name = Frameworks;
			sourceTree = "<group>";
		};
		223B1F8020F0A77E00791DEE /* Resources */ = {
			isa = PBXGroup;
			children = (
				223B1F8920F0AB3800791DEE /* GPXs */,
				223B1F8120F0A79000791DEE /* Images */,
			);
			path = Resources;
			sourceTree = "<group>";
		};
		223B1F8120F0A79000791DEE /* Images */ = {
			isa = PBXGroup;
			children = (
				2251C85C2123B4D900EF317D /* EventImages */,
				222765852123158700C52CCF /* MiscImages */,
				22F0BA9E21113A4800E9A1AE /* AttractionImages */,
			);
			path = Images;
			sourceTree = "<group>";
		};
		223B1F8920F0AB3800791DEE /* GPXs */ = {
			isa = PBXGroup;
			children = (
				223B1F8A20F0AB5900791DEE /* Singapore, Singapore.gpx */,
			);
			path = GPXs;
			sourceTree = "<group>";
		};
		2251C85C2123B4D900EF317D /* EventImages */ = {
			isa = PBXGroup;
			children = (
				2292222E2125351B004E7103 /* Formula One.png */,
				229222312125351C004E7103 /* Hari Raya Haji.png */,
				2292222D2125351B004E7103 /* Hungry Ghost Festival.png */,
				2292222C2125351B004E7103 /* Mid Autumn Festival.png */,
				229222302125351C004E7103 /* National Day.png */,
				2292222B2125351A004E7103 /* Singapore Airshow.png */,
				229222322125351C004E7103 /* Singapore Art Week.png */,
				2292222F2125351C004E7103 /* Singapore Food Festival.png */,
			);
			path = EventImages;
			sourceTree = "<group>";
		};
		22F0BA9E21113A4800E9A1AE /* AttractionImages */ = {
			isa = PBXGroup;
			children = (
				228907622111EBC800BFD127 /* Botanical Gardens.png */,
				22F895A72112BB2D00DC8E38 /* Cathedral Of The Good Shepherd.png */,
				228907642111EBC800BFD127 /* Chinatown.png */,
				2289076D2111EBC900BFD127 /* Clake Quay.png */,
				2289075F2111EBC800BFD127 /* Downtown East.png */,
				2289075B2111EBC800BFD127 /* Esplanade Theatre.png */,
				228907592111EBC700BFD127 /* Fort Canning Park.png */,
				228907662111EBC800BFD127 /* Fountain of Wealth.png */,
				228907732111EBCA00BFD127 /* Gardens By The Bay.png */,
				228907672111EBC900BFD127 /* Har Paw Villa.png */,
				2289076F2111EBC900BFD127 /* Harbourfront.png */,
				22F895AB2112BB4200DC8E38 /* Helix Bridge.png */,
				228907702111EBCA00BFD127 /* Jurong Bird Park.png */,
				228907742111EBCA00BFD127 /* Malay Heritage Centre.png */,
				2289075D2111EBC800BFD127 /* Marina Barage.png */,
				228907612111EBC800BFD127 /* Marina Bay Sands.png */,
				228907692111EBC900BFD127 /* Merlion.png */,
				228907652111EBC800BFD127 /* Mount Faber.png */,
				2289076A2111EBC900BFD127 /* Orchard Road.png */,
				228907682111EBC900BFD127 /* River Safari.png */,
				228907712111EBCA00BFD127 /* Sentosa.png */,
				228907632111EBC800BFD127 /* Singapore Art Museum.png */,
				2289076E2111EBC900BFD127 /* Singapore Flyer.png */,
				2289076C2111EBC900BFD127 /* Singapore River.png */,
				2289075C2111EBC800BFD127 /* Singapore Zoo.png */,
				2289075E2111EBC800BFD127 /* Statue of Sir Stamford Raffles.png */,
				2289076B2111EBC900BFD127 /* Sungei Buloh.png */,
				2289075A2111EBC800BFD127 /* Universal Studios Singapore.png */,
			);
			path = AttractionImages;
			sourceTree = "<group>";
		};
		22FDC09C20E2798F00258319 = {
			isa = PBXGroup;
			children = (
				22FDC0A720E2798F00258319 /* CMProject */,
				22FDC0A620E2798F00258319 /* Products */,
				22365A8320FA306500B20B37 /* Frameworks */,
			);
			sourceTree = "<group>";
		};
		22FDC0A620E2798F00258319 /* Products */ = {
			isa = PBXGroup;
			children = (
				22FDC0A520E2798F00258319 /* CMProject.app */,
			);
			name = Products;
			sourceTree = "<group>";
		};
		22FDC0A720E2798F00258319 /* CMProject */ = {
			isa = PBXGroup;
			children = (
				2249E50E20F1CA66006A94B2 /* SGTouristLoc.txt */,
				228B4C1620F48D6000EF0661 /* SGTouristEvents.txt */,
				227A5DC720F0F89900E59520 /* AttractionMarkerView.swift */,
				228B4C2920F4EB8100EF0661 /* EventCell.swift */,
				227A5DC020F0EECC00E59520 /* Attraction.swift */,
				223B1F8020F0A77E00791DEE /* Resources */,
				2227627C20E49BE60043320A /* Views */,
				22FDC0A820E2798F00258319 /* AppDelegate.swift */,
				22FDC0AC20E2798F00258319 /* Main.storyboard */,
				22FDC0AF20E2799200258319 /* Assets.xcassets */,
				22FDC0B120E2799200258319 /* LaunchScreen.storyboard */,
				22FDC0B420E2799200258319 /* Info.plist */,
				22F895AD2112BCAA00DC8E38 /* NetworkTester.swift */,
			);
			path = CMProject;
			sourceTree = "<group>";
		};
/* End PBXGroup section */

/* Begin PBXNativeTarget section */
		22FDC0A420E2798F00258319 /* CMProject */ = {
			isa = PBXNativeTarget;
			buildConfigurationList = 22FDC0B720E2799200258319 /* Build configuration list for PBXNativeTarget "CMProject" */;
			buildPhases = (
				22FDC0A120E2798F00258319 /* Sources */,
				22FDC0A220E2798F00258319 /* Frameworks */,
				22FDC0A320E2798F00258319 /* Resources */,
			);
			buildRules = (
			);
			dependencies = (
			);
			name = CMProject;
			productName = CMProject;
			productReference = 22FDC0A520E2798F00258319 /* CMProject.app */;
			productType = "com.apple.product-type.application";
		};
/* End PBXNativeTarget section */

/* Begin PBXProject section */
		22FDC09D20E2798F00258319 /* Project object */ = {
			isa = PBXProject;
			attributes = {
				LastSwiftUpdateCheck = 0940;
				LastUpgradeCheck = 0940;
				ORGANIZATIONNAME = "Kan Onn Kit";
				TargetAttributes = {
					22FDC0A420E2798F00258319 = {
						CreatedOnToolsVersion = 9.4.1;
						LastSwiftMigration = 1000;
						SystemCapabilities = {
							com.apple.BackgroundModes = {
								enabled = 1;
							};
							com.apple.Maps.iOS = {
								enabled = 1;
							};
						};
					};
				};
			};
			buildConfigurationList = 22FDC0A020E2798F00258319 /* Build configuration list for PBXProject "CMProject" */;
			compatibilityVersion = "Xcode 9.3";
			developmentRegion = en;
			hasScannedForEncodings = 0;
			knownRegions = (
				en,
				Base,
			);
			mainGroup = 22FDC09C20E2798F00258319;
			productRefGroup = 22FDC0A620E2798F00258319 /* Products */;
			projectDirPath = "";
			projectRoot = "";
			targets = (
				22FDC0A420E2798F00258319 /* CMProject */,
			);
		};
/* End PBXProject section */

/* Begin PBXResourcesBuildPhase section */
		22FDC0A320E2798F00258319 /* Resources */ = {
			isa = PBXResourcesBuildPhase;
			buildActionMask = 2147483647;
			files = (
				22FDC0B320E2799200258319 /* LaunchScreen.storyboard in Resources */,
				228907842111EBCA00BFD127 /* River Safari.png in Resources */,
				228907902111EBCA00BFD127 /* Malay Heritage Centre.png in Resources */,
				22F895A92112BB2D00DC8E38 /* Cathedral Of The Good Shepherd.png in Resources */,
				2289077B2111EBCA00BFD127 /* Downtown East.png in Resources */,
				2289077F2111EBCA00BFD127 /* Singapore Art Museum.png in Resources */,
				2289078C2111EBCA00BFD127 /* Jurong Bird Park.png in Resources */,
				2289077D2111EBCA00BFD127 /* Marina Bay Sands.png in Resources */,
				228907752111EBCA00BFD127 /* Fort Canning Park.png in Resources */,
				228907852111EBCA00BFD127 /* Merlion.png in Resources */,
				228907772111EBCA00BFD127 /* Esplanade Theatre.png in Resources */,
				229222352125351C004E7103 /* Hungry Ghost Festival.png in Resources */,
				228907782111EBCA00BFD127 /* Singapore Zoo.png in Resources */,
				228907892111EBCA00BFD127 /* Clake Quay.png in Resources */,
				2289078D2111EBCA00BFD127 /* Sentosa.png in Resources */,
				2249E50F20F1CA66006A94B2 /* SGTouristLoc.txt in Resources */,
				228907822111EBCA00BFD127 /* Fountain of Wealth.png in Resources */,
				229222372125351C004E7103 /* Singapore Food Festival.png in Resources */,
				223B1F8420F0A7B400791DEE /* CMProject-MainBG.png in Resources */,
				229222342125351C004E7103 /* Mid Autumn Festival.png in Resources */,
				228907872111EBCA00BFD127 /* Sungei Buloh.png in Resources */,
				228907812111EBCA00BFD127 /* Mount Faber.png in Resources */,
				223B1F8B20F0AB5900791DEE /* Singapore, Singapore.gpx in Resources */,
				223B1F8520F0A7B400791DEE /* CMProject-Icon.png in Resources */,
				228907802111EBCA00BFD127 /* Chinatown.png in Resources */,
				2289077A2111EBCA00BFD127 /* Statue of Sir Stamford Raffles.png in Resources */,
				229222392125351C004E7103 /* Hari Raya Haji.png in Resources */,
				229222362125351C004E7103 /* Formula One.png in Resources */,
				22FDC0B020E2799200258319 /* Assets.xcassets in Resources */,
				228B4C1720F48D6000EF0661 /* SGTouristEvents.txt in Resources */,
				22D5C67B212E6EAF00B65725 /* CMProject-LoadingScreen.png in Resources */,
				2289078F2111EBCA00BFD127 /* Gardens By The Bay.png in Resources */,
				2249E51120F1D037006A94B2 /* CMProject-NoImageDetected.png in Resources */,
				2292223A2125351C004E7103 /* Singapore Art Week.png in Resources */,
				228907762111EBCA00BFD127 /* Universal Studios Singapore.png in Resources */,
				22F895AC2112BB4200DC8E38 /* Helix Bridge.png in Resources */,
				229222332125351C004E7103 /* Singapore Airshow.png in Resources */,
				229222382125351C004E7103 /* National Day.png in Resources */,
				228907792111EBCA00BFD127 /* Marina Barage.png in Resources */,
				22FDC0AE20E2798F00258319 /* Main.storyboard in Resources */,
				2289078A2111EBCA00BFD127 /* Singapore Flyer.png in Resources */,
				2289077E2111EBCA00BFD127 /* Botanical Gardens.png in Resources */,
				228907882111EBCA00BFD127 /* Singapore River.png in Resources */,
				228907832111EBCA00BFD127 /* Har Paw Villa.png in Resources */,
				228907862111EBCA00BFD127 /* Orchard Road.png in Resources */,
				2289078B2111EBCA00BFD127 /* Harbourfront.png in Resources */,
			);
			runOnlyForDeploymentPostprocessing = 0;
		};
/* End PBXResourcesBuildPhase section */

/* Begin PBXSourcesBuildPhase section */
		22FDC0A120E2798F00258319 /* Sources */ = {
			isa = PBXSourcesBuildPhase;
			buildActionMask = 2147483647;
			files = (
				2227627F20E49BF00043320A /* ViewController_MainMenu.swift in Sources */,
				228B4C2C20F4EC4600EF0661 /* ViewController_Events.swift in Sources */,
				22365A8220FA301300B20B37 /* ViewController_Directions.swift in Sources */,
				227727D920E7992E00210BD9 /* ViewController_Credits.swift in Sources */,
				2254B8572121B7C1007047CB /* ViewController_ExtraDetail.swift in Sources */,
				2227628020E49BF00043320A /* ViewController_Map.swift in Sources */,
				228B4C2A20F4EB8100EF0661 /* EventCell.swift in Sources */,
				22FDC0A920E2798F00258319 /* AppDelegate.swift in Sources */,
				227A5DC120F0EECC00E59520 /* Attraction.swift in Sources */,
				227A5DC820F0F89900E59520 /* AttractionMarkerView.swift in Sources */,
				22F895AE2112BCAA00DC8E38 /* NetworkTester.swift in Sources */,
			);
			runOnlyForDeploymentPostprocessing = 0;
		};
/* End PBXSourcesBuildPhase section */

/* Begin PBXVariantGroup section */
		22FDC0AC20E2798F00258319 /* Main.storyboard */ = {
			isa = PBXVariantGroup;
			children = (
				22FDC0AD20E2798F00258319 /* Base */,
			);
			name = Main.storyboard;
			sourceTree = "<group>";
		};
		22FDC0B120E2799200258319 /* LaunchScreen.storyboard */ = {
			isa = PBXVariantGroup;
			children = (
				22FDC0B220E2799200258319 /* Base */,
			);
			name = LaunchScreen.storyboard;
			sourceTree = "<group>";
		};
/* End PBXVariantGroup section */

/* Begin XCBuildConfiguration section */
		22FDC0B520E2799200258319 /* Debug */ = {
			isa = XCBuildConfiguration;
			buildSettings = {
				ALWAYS_SEARCH_USER_PATHS = NO;
				CLANG_ANALYZER_NONNULL = YES;
				CLANG_ANALYZER_NUMBER_OBJECT_CONVERSION = YES_AGGRESSIVE;
				CLANG_CXX_LANGUAGE_STANDARD = "gnu++14";
				CLANG_CXX_LIBRARY = "libc++";
				CLANG_ENABLE_MODULES = YES;
				CLANG_ENABLE_OBJC_ARC = YES;
				CLANG_ENABLE_OBJC_WEAK = YES;
				CLANG_WARN_BLOCK_CAPTURE_AUTORELEASING = YES;
				CLANG_WARN_BOOL_CONVERSION = YES;
				CLANG_WARN_COMMA = YES;
				CLANG_WARN_CONSTANT_CONVERSION = YES;
				CLANG_WARN_DEPRECATED_OBJC_IMPLEMENTATIONS = YES;
				CLANG_WARN_DIRECT_OBJC_ISA_USAGE = YES_ERROR;
				CLANG_WARN_DOCUMENTATION_COMMENTS = YES;
				CLANG_WARN_EMPTY_BODY = YES;
				CLANG_WARN_ENUM_CONVERSION = YES;
				CLANG_WARN_INFINITE_RECURSION = YES;
				CLANG_WARN_INT_CONVERSION = YES;
				CLANG_WARN_NON_LITERAL_NULL_CONVERSION = YES;
				CLANG_WARN_OBJC_IMPLICIT_RETAIN_SELF = YES;
				CLANG_WARN_OBJC_LITERAL_CONVERSION = YES;
				CLANG_WARN_OBJC_ROOT_CLASS = YES_ERROR;
				CLANG_WARN_RANGE_LOOP_ANALYSIS = YES;
				CLANG_WARN_STRICT_PROTOTYPES = YES;
				CLANG_WARN_SUSPICIOUS_MOVE = YES;
				CLANG_WARN_UNGUARDED_AVAILABILITY = YES_AGGRESSIVE;
				CLANG_WARN_UNREACHABLE_CODE = YES;
				CLANG_WARN__DUPLICATE_METHOD_MATCH = YES;
				CODE_SIGN_IDENTITY = "iPhone Developer";
				COPY_PHASE_STRIP = NO;
				DEBUG_INFORMATION_FORMAT = dwarf;
				ENABLE_STRICT_OBJC_MSGSEND = YES;
				ENABLE_TESTABILITY = YES;
				GCC_C_LANGUAGE_STANDARD = gnu11;
				GCC_DYNAMIC_NO_PIC = NO;
				GCC_NO_COMMON_BLOCKS = YES;
				GCC_OPTIMIZATION_LEVEL = 0;
				GCC_PREPROCESSOR_DEFINITIONS = (
					"DEBUG=1",
					"$(inherited)",
				);
				GCC_WARN_64_TO_32_BIT_CONVERSION = YES;
				GCC_WARN_ABOUT_RETURN_TYPE = YES_ERROR;
				GCC_WARN_UNDECLARED_SELECTOR = YES;
				GCC_WARN_UNINITIALIZED_AUTOS = YES_AGGRESSIVE;
				GCC_WARN_UNUSED_FUNCTION = YES;
				GCC_WARN_UNUSED_VARIABLE = YES;
				IPHONEOS_DEPLOYMENT_TARGET = 11.4;
				MTL_ENABLE_DEBUG_INFO = YES;
				ONLY_ACTIVE_ARCH = YES;
				SDKROOT = iphoneos;
				SWIFT_ACTIVE_COMPILATION_CONDITIONS = DEBUG;
				SWIFT_OPTIMIZATION_LEVEL = "-Onone";
			};
			name = Debug;
		};
		22FDC0B620E2799200258319 /* Release */ = {
			isa = XCBuildConfiguration;
			buildSettings = {
				ALWAYS_SEARCH_USER_PATHS = NO;
				CLANG_ANALYZER_NONNULL = YES;
				CLANG_ANALYZER_NUMBER_OBJECT_CONVERSION = YES_AGGRESSIVE;
				CLANG_CXX_LANGUAGE_STANDARD = "gnu++14";
				CLANG_CXX_LIBRARY = "libc++";
				CLANG_ENABLE_MODULES = YES;
				CLANG_ENABLE_OBJC_ARC = YES;
				CLANG_ENABLE_OBJC_WEAK = YES;
				CLANG_WARN_BLOCK_CAPTURE_AUTORELEASING = YES;
				CLANG_WARN_BOOL_CONVERSION = YES;
				CLANG_WARN_COMMA = YES;
				CLANG_WARN_CONSTANT_CONVERSION = YES;
				CLANG_WARN_DEPRECATED_OBJC_IMPLEMENTATIONS = YES;
				CLANG_WARN_DIRECT_OBJC_ISA_USAGE = YES_ERROR;
				CLANG_WARN_DOCUMENTATION_COMMENTS = YES;
				CLANG_WARN_EMPTY_BODY = YES;
				CLANG_WARN_ENUM_CONVERSION = YES;
				CLANG_WARN_INFINITE_RECURSION = YES;
				CLANG_WARN_INT_CONVERSION = YES;
				CLANG_WARN_NON_LITERAL_NULL_CONVERSION = YES;
				CLANG_WARN_OBJC_IMPLICIT_RETAIN_SELF = YES;
				CLANG_WARN_OBJC_LITERAL_CONVERSION = YES;
				CLANG_WARN_OBJC_ROOT_CLASS = YES_ERROR;
				CLANG_WARN_RANGE_LOOP_ANALYSIS = YES;
				CLANG_WARN_STRICT_PROTOTYPES = YES;
				CLANG_WARN_SUSPICIOUS_MOVE = YES;
				CLANG_WARN_UNGUARDED_AVAILABILITY = YES_AGGRESSIVE;
				CLANG_WARN_UNREACHABLE_CODE = YES;
				CLANG_WARN__DUPLICATE_METHOD_MATCH = YES;
				CODE_SIGN_IDENTITY = "iPhone Developer";
				COPY_PHASE_STRIP = NO;
				DEBUG_INFORMATION_FORMAT = "dwarf-with-dsym";
				ENABLE_NS_ASSERTIONS = NO;
				ENABLE_STRICT_OBJC_MSGSEND = YES;
				GCC_C_LANGUAGE_STANDARD = gnu11;
				GCC_NO_COMMON_BLOCKS = YES;
				GCC_WARN_64_TO_32_BIT_CONVERSION = YES;
				GCC_WARN_ABOUT_RETURN_TYPE = YES_ERROR;
				GCC_WARN_UNDECLARED_SELECTOR = YES;
				GCC_WARN_UNINITIALIZED_AUTOS = YES_AGGRESSIVE;
				GCC_WARN_UNUSED_FUNCTION = YES;
				GCC_WARN_UNUSED_VARIABLE = YES;
				IPHONEOS_DEPLOYMENT_TARGET = 11.4;
				MTL_ENABLE_DEBUG_INFO = NO;
				SDKROOT = iphoneos;
				SWIFT_COMPILATION_MODE = wholemodule;
				SWIFT_OPTIMIZATION_LEVEL = "-O";
				VALIDATE_PRODUCT = YES;
			};
			name = Release;
		};
		22FDC0B820E2799200258319 /* Debug */ = {
			isa = XCBuildConfiguration;
			buildSettings = {
				ASSETCATALOG_COMPILER_APPICON_NAME = AppIcon;
				CODE_SIGN_IDENTITY = "iPhone Developer";
				CODE_SIGN_STYLE = Automatic;
				DEVELOPMENT_TEAM = "";
				INFOPLIST_FILE = CMProject/Info.plist;
				LD_RUNPATH_SEARCH_PATHS = (
					"$(inherited)",
					"@executable_path/Frameworks",
				);
				PRODUCT_BUNDLE_IDENTIFIER = kanonnkit.CMProject;
				PRODUCT_NAME = "$(TARGET_NAME)";
				PROVISIONING_PROFILE_SPECIFIER = "";
				SWIFT_VERSION = 4.2;
				TARGETED_DEVICE_FAMILY = "1,2";
			};
			name = Debug;
		};
		22FDC0B920E2799200258319 /* Release */ = {
			isa = XCBuildConfiguration;
			buildSettings = {
				ASSETCATALOG_COMPILER_APPICON_NAME = AppIcon;
				CODE_SIGN_IDENTITY = "iPhone Developer";
				CODE_SIGN_STYLE = Automatic;
				DEVELOPMENT_TEAM = "";
				INFOPLIST_FILE = CMProject/Info.plist;
				LD_RUNPATH_SEARCH_PATHS = (
					"$(inherited)",
					"@executable_path/Frameworks",
				);
				PRODUCT_BUNDLE_IDENTIFIER = kanonnkit.CMProject;
				PRODUCT_NAME = "$(TARGET_NAME)";
				PROVISIONING_PROFILE_SPECIFIER = "";
				SWIFT_VERSION = 4.2;
				TARGETED_DEVICE_FAMILY = "1,2";
			};
			name = Release;
		};
/* End XCBuildConfiguration section */

/* Begin XCConfigurationList section */
		22FDC0A020E2798F00258319 /* Build configuration list for PBXProject "CMProject" */ = {
			isa = XCConfigurationList;
			buildConfigurations = (
				22FDC0B520E2799200258319 /* Debug */,
				22FDC0B620E2799200258319 /* Release */,
			);
			defaultConfigurationIsVisible = 0;
			defaultConfigurationName = Release;
		};
		22FDC0B720E2799200258319 /* Build configuration list for PBXNativeTarget "CMProject" */ = {
			isa = XCConfigurationList;
			buildConfigurations = (
				22FDC0B820E2799200258319 /* Debug */,
				22FDC0B920E2799200258319 /* Release */,
			);
			defaultConfigurationIsVisible = 0;
			defaultConfigurationName = Release;
		};
/* End XCConfigurationList section */
	};
	rootObject = 22FDC09D20E2798F00258319 /* Project object */;
}
